lockfileVersion: '9.0'

settings:
  autoInstallPeers: true
  excludeLinksFromLockfile: false

importers:

  .:
    devDependencies:
      czg:
        specifier: 1.12.0
        version: 1.12.0

packages:

  czg@1.12.0:
    resolution: {integrity: sha512-LGltcoZ5m7vhe3WNw16QXqd5WurnHegx9V15MwZJtFAU2AVCYLCqDbwxPUgZOnAcdzzooq33ONcU148HOQsjdA==}
    engines: {node: '>=v12.20.0'}
    hasBin: true

snapshots:

  czg@1.12.0: {}
